
Microsoft Visual Studio Solution File, Format Version 12.00
# Visual Studio Version 17
VisualStudioVersion = 17.3.32929.385
MinimumVisualStudioVersion = 10.0.40219.1
Project("{FAE04EC0-301F-11D3-BF4B-00C04F79EFBC}") = "Data", "Data\Data.csproj", "{E09C6500-C3B8-46ED-859B-74501592B42F}"
EndProject
Project("{FAE04EC0-301F-11D3-BF4B-00C04F79EFBC}") = "ConsoleApp", "ConsoleApp\ConsoleApp.csproj", "{AFAFCB7A-3505-4AE8-A1F5-92C215FDBD4A}"
EndProject
Global
	GlobalSection(SolutionConfigurationPlatforms) = preSolution
		Debug|Any CPU = Debug|Any CPU
		Release|Any CPU = Release|Any CPU
	EndGlobalSection
	GlobalSection(ProjectConfigurationPlatforms) = postSolution
		{E09C6500-C3B8-46ED-859B-74501592B42F}.Debug|Any CPU.ActiveCfg = Debug|Any CPU
		{E09C6500-C3B8-46ED-859B-74501592B42F}.Debug|Any CPU.Build.0 = Debug|Any CPU
		{E09C6500-C3B8-46ED-859B-74501592B42F}.Release|Any CPU.ActiveCfg = Release|Any CPU
		{E09C6500-C3B8-46ED-859B-74501592B42F}.Release|Any CPU.Build.0 = Release|Any CPU
		{AFAFCB7A-3505-4AE8-A1F5-92C215FDBD4A}.Debug|Any CPU.ActiveCfg = Debug|Any CPU
		{AFAFCB7A-3505-4AE8-A1F5-92C215FDBD4A}.Debug|Any CPU.Build.0 = Debug|Any CPU
		{AFAFCB7A-3505-4AE8-A1F5-92C215FDBD4A}.Release|Any CPU.ActiveCfg = Release|Any CPU
		{AFAFCB7A-3505-4AE8-A1F5-92C215FDBD4A}.Release|Any CPU.Build.0 = Release|Any CPU
	EndGlobalSection
	GlobalSection(SolutionProperties) = preSolution
		HideSolutionNode = FALSE
	EndGlobalSection
	GlobalSection(ExtensibilityGlobals) = postSolution
		SolutionGuid = {87F97C92-02D8-4BF6-A9E2-0585433153F5}
	EndGlobalSection
EndGlobal
